
Microsoft Visual Studio Solution File, Format Version 12.00
# Visual Studio Version 17
VisualStudioVersion = 17.13.35825.156 d17.13
MinimumVisualStudioVersion = 10.0.40219.1
Project("{FAE04EC0-301F-11D3-BF4B-00C04F79EFBC}") = "PROG6221_CyberBotPOE_P1", "PROG6221_CyberBotPOE_P1\PROG6221_CyberBotPOE_P1.csproj", "{7AC7211D-E5AF-4718-B7D0-C00123109BCD}"
EndProject
Global
	GlobalSection(SolutionConfigurationPlatforms) = preSolution
		Debug|Any CPU = Debug|Any CPU
		Release|Any CPU = Release|Any CPU
	EndGlobalSection
	GlobalSection(ProjectConfigurationPlatforms) = postSolution
		{7AC7211D-E5AF-4718-B7D0-C00123109BCD}.Debug|Any CPU.ActiveCfg = Debug|Any CPU
		{7AC7211D-E5AF-4718-B7D0-C00123109BCD}.Debug|Any CPU.Build.0 = Debug|Any CPU
		{7AC7211D-E5AF-4718-B7D0-C00123109BCD}.Release|Any CPU.ActiveCfg = Release|Any CPU
		{7AC7211D-E5AF-4718-B7D0-C00123109BCD}.Release|Any CPU.Build.0 = Release|Any CPU
	EndGlobalSection
	GlobalSection(SolutionProperties) = preSolution
		HideSolutionNode = FALSE
	EndGlobalSection
	GlobalSection(ExtensibilityGlobals) = postSolution
		SolutionGuid = {A04EB117-EFEE-42AA-9B3D-B005DF6E9ECD}
	EndGlobalSection
EndGlobal
